
Microsoft Visual Studio Solution File, Format Version 12.00
# Visual Studio Version 16
VisualStudioVersion = 16.0.29209.62
MinimumVisualStudioVersion = 10.0.40219.1
Project("{9A19103F-16F7-4668-BE54-9A1E7A4F7556}") = "chapter-11", "chapter-11.csproj", "{1824E111-581D-4764-9F51-FF0E30FBBAFC}"
EndProject
Global
	GlobalSection(SolutionConfigurationPlatforms) = preSolution
		Debug|Any CPU = Debug|Any CPU
		Debug|x86 = Debug|x86
		Release|Any CPU = Release|Any CPU
		Release|x86 = Release|x86
	EndGlobalSection
	GlobalSection(ProjectConfigurationPlatforms) = postSolution
		{1824E111-581D-4764-9F51-FF0E30FBBAFC}.Debug|Any CPU.ActiveCfg = Debug|Any CPU
		{1824E111-581D-4764-9F51-FF0E30FBBAFC}.Debug|Any CPU.Build.0 = Debug|Any CPU
		{1824E111-581D-4764-9F51-FF0E30FBBAFC}.Debug|x86.ActiveCfg = Debug|Any CPU
		{1824E111-581D-4764-9F51-FF0E30FBBAFC}.Debug|x86.Build.0 = Debug|Any CPU
		{1824E111-581D-4764-9F51-FF0E30FBBAFC}.Release|Any CPU.ActiveCfg = Release|Any CPU
		{1824E111-581D-4764-9F51-FF0E30FBBAFC}.Release|Any CPU.Build.0 = Release|Any CPU
		{1824E111-581D-4764-9F51-FF0E30FBBAFC}.Release|x86.ActiveCfg = Release|x86
		{1824E111-581D-4764-9F51-FF0E30FBBAFC}.Release|x86.Build.0 = Release|x86
	EndGlobalSection
	GlobalSection(SolutionProperties) = preSolution
		HideSolutionNode = FALSE
	EndGlobalSection
	GlobalSection(ExtensibilityGlobals) = postSolution
		SolutionGuid = {35DC9D9D-31A2-4334-97B0-B088C372B6F4}
	EndGlobalSection
EndGlobal
